{
  "name": "css-vars-extractor",
  "version": "1.0.0",
  "lockfileVersion": 2,
  "requires": true,
  "packages": {
    "": {
      "name": "css-vars-extractor",
      "version": "1.0.0",
      "license": "ISC",
      "dependencies": {
        "file-oprtr": "file:../file-oprtr"
      }
    },
    "../file-oprtr": {
      "version": "1.0.0",
      "license": "ISC"
    },
    "node_modules/file-oprtr": {
      "resolved": "../file-oprtr",
      "link": true
    }
  },
  "dependencies": {
    "file-oprtr": {
      "version": "file:../file-oprtr"
    }
  }
}
